
Microsoft Visual Studio Solution File, Format Version 12.00
# Visual Studio Version 16
VisualStudioVersion = 16.0.31321.278
MinimumVisualStudioVersion = 10.0.40219.1
Project("{FAE04EC0-301F-11D3-BF4B-00C04F79EFBC}") = "GameServer", "GameServer\GameServer.csproj", "{FFA8CBCB-5153-4A45-852E-CF450FB8FB85}"
EndProject
Global
	GlobalSection(SolutionConfigurationPlatforms) = preSolution
		Debug|Any CPU = Debug|Any CPU
		Release|Any CPU = Release|Any CPU
	EndGlobalSection
	GlobalSection(ProjectConfigurationPlatforms) = postSolution
		{FFA8CBCB-5153-4A45-852E-CF450FB8FB85}.Debug|Any CPU.ActiveCfg = Debug|Any CPU
		{FFA8CBCB-5153-4A45-852E-CF450FB8FB85}.Debug|Any CPU.Build.0 = Debug|Any CPU
		{FFA8CBCB-5153-4A45-852E-CF450FB8FB85}.Release|Any CPU.ActiveCfg = Release|Any CPU
		{FFA8CBCB-5153-4A45-852E-CF450FB8FB85}.Release|Any CPU.Build.0 = Release|Any CPU
	EndGlobalSection
	GlobalSection(SolutionProperties) = preSolution
		HideSolutionNode = FALSE
	EndGlobalSection
	GlobalSection(ExtensibilityGlobals) = postSolution
		SolutionGuid = {D5855BD3-1E38-4CD8-9FDE-E4CAE12EE653}
	EndGlobalSection
EndGlobal
